
Microsoft Visual Studio Solution File, Format Version 12.00
# Visual Studio 2013
VisualStudioVersion = 12.0.31101.0
MinimumVisualStudioVersion = 10.0.40219.1
Project("{FAE04EC0-301F-11D3-BF4B-00C04F79EFBC}") = "msos", "msos\msos.csproj", "{18421729-EAD5-41D1-857C-D496466FAC2D}"
EndProject
Project("{2150E333-8FDC-42A3-9474-1A3956D46DE8}") = "Solution Items", "Solution Items", "{0195BF37-9D15-415C-A9BE-867055B206B2}"
	ProjectSection(SolutionItems) = preProject
		.gitignore = .gitignore
		example.commands = example.commands
		LICENSE = LICENSE
		README.md = README.md
	EndProjectSection
EndProject
Project("{2150E333-8FDC-42A3-9474-1A3956D46DE8}") = ".nuget", ".nuget", "{7BA91BC0-5AB5-4891-A4CB-4F4511AA93D2}"
	ProjectSection(SolutionItems) = preProject
		.nuget\NuGet.Config = .nuget\NuGet.Config
		.nuget\NuGet.exe = .nuget\NuGet.exe
		.nuget\NuGet.targets = .nuget\NuGet.targets
	EndProjectSection
EndProject
Project("{FAE04EC0-301F-11D3-BF4B-00C04F79EFBC}") = "ClrMemDiagExt", "ClrMemDiagExt\ClrMemDiagExt.csproj", "{249A0236-8FC8-4CD7-B6E1-C3422924EA09}"
EndProject
Global
	GlobalSection(SolutionConfigurationPlatforms) = preSolution
		Debug|x64 = Debug|x64
		Debug|x86 = Debug|x86
		Release|x64 = Release|x64
		Release|x86 = Release|x86
	EndGlobalSection
	GlobalSection(ProjectConfigurationPlatforms) = postSolution
		{18421729-EAD5-41D1-857C-D496466FAC2D}.Debug|x64.ActiveCfg = Debug|x64
		{18421729-EAD5-41D1-857C-D496466FAC2D}.Debug|x64.Build.0 = Debug|x64
		{18421729-EAD5-41D1-857C-D496466FAC2D}.Debug|x86.ActiveCfg = Debug|x86
		{18421729-EAD5-41D1-857C-D496466FAC2D}.Debug|x86.Build.0 = Debug|x86
		{18421729-EAD5-41D1-857C-D496466FAC2D}.Release|x64.ActiveCfg = Release|x64
		{18421729-EAD5-41D1-857C-D496466FAC2D}.Release|x64.Build.0 = Release|x64
		{18421729-EAD5-41D1-857C-D496466FAC2D}.Release|x86.ActiveCfg = Release|x86
		{18421729-EAD5-41D1-857C-D496466FAC2D}.Release|x86.Build.0 = Release|x86
		{249A0236-8FC8-4CD7-B6E1-C3422924EA09}.Debug|x64.ActiveCfg = Debug|x64
		{249A0236-8FC8-4CD7-B6E1-C3422924EA09}.Debug|x64.Build.0 = Debug|x64
		{249A0236-8FC8-4CD7-B6E1-C3422924EA09}.Debug|x86.ActiveCfg = Debug|x86
		{249A0236-8FC8-4CD7-B6E1-C3422924EA09}.Debug|x86.Build.0 = Debug|x86
		{249A0236-8FC8-4CD7-B6E1-C3422924EA09}.Release|x64.ActiveCfg = Release|x64
		{249A0236-8FC8-4CD7-B6E1-C3422924EA09}.Release|x64.Build.0 = Release|x64
		{249A0236-8FC8-4CD7-B6E1-C3422924EA09}.Release|x86.ActiveCfg = Release|x86
		{249A0236-8FC8-4CD7-B6E1-C3422924EA09}.Release|x86.Build.0 = Release|x86
	EndGlobalSection
	GlobalSection(SolutionProperties) = preSolution
		HideSolutionNode = FALSE
	EndGlobalSection
EndGlobal
